
Microsoft Visual Studio Solution File, Format Version 12.00
# Visual Studio 15
VisualStudioVersion = 15.0.27703.2026
MinimumVisualStudioVersion = 10.0.40219.1
Project("{FAE04EC0-301F-11D3-BF4B-00C04F79EFBC}") = "HK.PEIS.WebAPI", "HK.PEIS.WebAPI\HK.PEIS.WebAPI.csproj", "{7BAD3251-24B0-44E4-8F26-2BC2D3E5ED2D}"
EndProject
Project("{2150E333-8FDC-42A3-9474-1A3956D46DE8}") = "Web", "Web", "{A31AF2CA-D3E9-4F99-B8FA-B7A9A06C65C5}"
EndProject
Project("{2150E333-8FDC-42A3-9474-1A3956D46DE8}") = "Application", "Application", "{18B5053D-AA12-45B6-9C8D-D07B846AEB75}"
EndProject
Project("{2150E333-8FDC-42A3-9474-1A3956D46DE8}") = "Domain", "Domain", "{CAA485CB-1A5A-4849-9018-BF8C76D7CC12}"
EndProject
Project("{2150E333-8FDC-42A3-9474-1A3956D46DE8}") = "Infrastructure", "Infrastructure", "{FD30C121-146E-4B97-9E41-C2807CF4D6C7}"
EndProject
Project("{FAE04EC0-301F-11D3-BF4B-00C04F79EFBC}") = "HK.PEIS.Domain", "HK.PEIS.Domain\HK.PEIS.Domain.csproj", "{5DA56862-934A-4211-AE0E-2EFB3D26E79C}"
EndProject
Project("{FAE04EC0-301F-11D3-BF4B-00C04F79EFBC}") = "HK.PEIS.Infrastructure", "HK.PEIS.Infrastructure\HK.PEIS.Infrastructure.csproj", "{1A1593BA-BA1C-48BB-8CE3-238DE28FDFA8}"
EndProject
Project("{FAE04EC0-301F-11D3-BF4B-00C04F79EFBC}") = "HK.PEIS.DTO", "HK.PEIS.Common.DTO\HK.PEIS.DTO.csproj", "{42F88450-80C8-49A9-A21D-7966A6C18582}"
EndProject
Project("{FAE04EC0-301F-11D3-BF4B-00C04F79EFBC}") = "HK.PEIS.Utility", "HK.PEIS.Utility\HK.PEIS.Utility.csproj", "{B0CF3B67-9E8D-4ECF-AA07-8F8F77A56DED}"
EndProject
Project("{FAE04EC0-301F-11D3-BF4B-00C04F79EFBC}") = "HK.PEIS.Repository", "HK.PEIS.Repository\HK.PEIS.Repository.csproj", "{03C2868A-1A5C-4B54-93FE-0ADE1BEA283B}"
EndProject
Project("{FAE04EC0-301F-11D3-BF4B-00C04F79EFBC}") = "HK.PEIS.WCF.Service", "HK.PEIS.WCF.Service\HK.PEIS.WCF.Service.csproj", "{A158E653-8D19-48B1-8A2C-62080B90D390}"
EndProject
Project("{FAE04EC0-301F-11D3-BF4B-00C04F79EFBC}") = "HK.PEIS.Web.Service", "HK.PEIS.Web.Service\HK.PEIS.Web.Service.csproj", "{6233DC43-A8DE-4DDD-AA90-36A75F7BAF9A}"
EndProject
Project("{FAE04EC0-301F-11D3-BF4B-00C04F79EFBC}") = "HK.PEIS.UI.Web", "HK.PEIS.UI.Web\HK.PEIS.UI.Web.csproj", "{E53B791B-98FC-4B5D-841F-38968CF09BFC}"
EndProject
Project("{FAE04EC0-301F-11D3-BF4B-00C04F79EFBC}") = "HK.PEIS.WebBase", "HK.PEIS.WebBase\HK.PEIS.WebBase.csproj", "{C7E8E2E6-9DA2-4125-B329-C21E5D1F7395}"
EndProject
Project("{FAE04EC0-301F-11D3-BF4B-00C04F79EFBC}") = "HK.PEIS.WEB.IService", "HK.PEIS.WEB.BLL\HK.PEIS.WEB.IService.csproj", "{F2BC0364-33EF-4705-8235-CB791E4529A4}"
EndProject
Global
	GlobalSection(SolutionConfigurationPlatforms) = preSolution
		Debug|Any CPU = Debug|Any CPU
		Release|Any CPU = Release|Any CPU
	EndGlobalSection
	GlobalSection(ProjectConfigurationPlatforms) = postSolution
		{7BAD3251-24B0-44E4-8F26-2BC2D3E5ED2D}.Debug|Any CPU.ActiveCfg = Debug|Any CPU
		{7BAD3251-24B0-44E4-8F26-2BC2D3E5ED2D}.Debug|Any CPU.Build.0 = Debug|Any CPU
		{7BAD3251-24B0-44E4-8F26-2BC2D3E5ED2D}.Release|Any CPU.ActiveCfg = Release|Any CPU
		{7BAD3251-24B0-44E4-8F26-2BC2D3E5ED2D}.Release|Any CPU.Build.0 = Release|Any CPU
		{5DA56862-934A-4211-AE0E-2EFB3D26E79C}.Debug|Any CPU.ActiveCfg = Debug|Any CPU
		{5DA56862-934A-4211-AE0E-2EFB3D26E79C}.Debug|Any CPU.Build.0 = Debug|Any CPU
		{5DA56862-934A-4211-AE0E-2EFB3D26E79C}.Release|Any CPU.ActiveCfg = Release|Any CPU
		{5DA56862-934A-4211-AE0E-2EFB3D26E79C}.Release|Any CPU.Build.0 = Release|Any CPU
		{1A1593BA-BA1C-48BB-8CE3-238DE28FDFA8}.Debug|Any CPU.ActiveCfg = Debug|Any CPU
		{1A1593BA-BA1C-48BB-8CE3-238DE28FDFA8}.Debug|Any CPU.Build.0 = Debug|Any CPU
		{1A1593BA-BA1C-48BB-8CE3-238DE28FDFA8}.Release|Any CPU.ActiveCfg = Release|Any CPU
		{1A1593BA-BA1C-48BB-8CE3-238DE28FDFA8}.Release|Any CPU.Build.0 = Release|Any CPU
		{42F88450-80C8-49A9-A21D-7966A6C18582}.Debug|Any CPU.ActiveCfg = Debug|Any CPU
		{42F88450-80C8-49A9-A21D-7966A6C18582}.Debug|Any CPU.Build.0 = Debug|Any CPU
		{42F88450-80C8-49A9-A21D-7966A6C18582}.Release|Any CPU.ActiveCfg = Release|Any CPU
		{42F88450-80C8-49A9-A21D-7966A6C18582}.Release|Any CPU.Build.0 = Release|Any CPU
		{B0CF3B67-9E8D-4ECF-AA07-8F8F77A56DED}.Debug|Any CPU.ActiveCfg = Debug|Any CPU
		{B0CF3B67-9E8D-4ECF-AA07-8F8F77A56DED}.Debug|Any CPU.Build.0 = Debug|Any CPU
		{B0CF3B67-9E8D-4ECF-AA07-8F8F77A56DED}.Release|Any CPU.ActiveCfg = Release|Any CPU
		{B0CF3B67-9E8D-4ECF-AA07-8F8F77A56DED}.Release|Any CPU.Build.0 = Release|Any CPU
		{03C2868A-1A5C-4B54-93FE-0ADE1BEA283B}.Debug|Any CPU.ActiveCfg = Debug|Any CPU
		{03C2868A-1A5C-4B54-93FE-0ADE1BEA283B}.Debug|Any CPU.Build.0 = Debug|Any CPU
		{03C2868A-1A5C-4B54-93FE-0ADE1BEA283B}.Release|Any CPU.ActiveCfg = Release|Any CPU
		{03C2868A-1A5C-4B54-93FE-0ADE1BEA283B}.Release|Any CPU.Build.0 = Release|Any CPU
		{A158E653-8D19-48B1-8A2C-62080B90D390}.Debug|Any CPU.ActiveCfg = Debug|Any CPU
		{A158E653-8D19-48B1-8A2C-62080B90D390}.Debug|Any CPU.Build.0 = Debug|Any CPU
		{A158E653-8D19-48B1-8A2C-62080B90D390}.Release|Any CPU.ActiveCfg = Release|Any CPU
		{A158E653-8D19-48B1-8A2C-62080B90D390}.Release|Any CPU.Build.0 = Release|Any CPU
		{6233DC43-A8DE-4DDD-AA90-36A75F7BAF9A}.Debug|Any CPU.ActiveCfg = Debug|Any CPU
		{6233DC43-A8DE-4DDD-AA90-36A75F7BAF9A}.Debug|Any CPU.Build.0 = Debug|Any CPU
		{6233DC43-A8DE-4DDD-AA90-36A75F7BAF9A}.Release|Any CPU.ActiveCfg = Release|Any CPU
		{6233DC43-A8DE-4DDD-AA90-36A75F7BAF9A}.Release|Any CPU.Build.0 = Release|Any CPU
		{E53B791B-98FC-4B5D-841F-38968CF09BFC}.Debug|Any CPU.ActiveCfg = Debug|Any CPU
		{E53B791B-98FC-4B5D-841F-38968CF09BFC}.Debug|Any CPU.Build.0 = Debug|Any CPU
		{E53B791B-98FC-4B5D-841F-38968CF09BFC}.Release|Any CPU.ActiveCfg = Release|Any CPU
		{E53B791B-98FC-4B5D-841F-38968CF09BFC}.Release|Any CPU.Build.0 = Release|Any CPU
		{C7E8E2E6-9DA2-4125-B329-C21E5D1F7395}.Debug|Any CPU.ActiveCfg = Debug|Any CPU
		{C7E8E2E6-9DA2-4125-B329-C21E5D1F7395}.Debug|Any CPU.Build.0 = Debug|Any CPU
		{C7E8E2E6-9DA2-4125-B329-C21E5D1F7395}.Release|Any CPU.ActiveCfg = Release|Any CPU
		{C7E8E2E6-9DA2-4125-B329-C21E5D1F7395}.Release|Any CPU.Build.0 = Release|Any CPU
		{F2BC0364-33EF-4705-8235-CB791E4529A4}.Debug|Any CPU.ActiveCfg = Debug|Any CPU
		{F2BC0364-33EF-4705-8235-CB791E4529A4}.Debug|Any CPU.Build.0 = Debug|Any CPU
		{F2BC0364-33EF-4705-8235-CB791E4529A4}.Release|Any CPU.ActiveCfg = Release|Any CPU
		{F2BC0364-33EF-4705-8235-CB791E4529A4}.Release|Any CPU.Build.0 = Release|Any CPU
	EndGlobalSection
	GlobalSection(SolutionProperties) = preSolution
		HideSolutionNode = FALSE
	EndGlobalSection
	GlobalSection(NestedProjects) = preSolution
		{7BAD3251-24B0-44E4-8F26-2BC2D3E5ED2D} = {A31AF2CA-D3E9-4F99-B8FA-B7A9A06C65C5}
		{5DA56862-934A-4211-AE0E-2EFB3D26E79C} = {CAA485CB-1A5A-4849-9018-BF8C76D7CC12}
		{1A1593BA-BA1C-48BB-8CE3-238DE28FDFA8} = {FD30C121-146E-4B97-9E41-C2807CF4D6C7}
		{42F88450-80C8-49A9-A21D-7966A6C18582} = {FD30C121-146E-4B97-9E41-C2807CF4D6C7}
		{B0CF3B67-9E8D-4ECF-AA07-8F8F77A56DED} = {FD30C121-146E-4B97-9E41-C2807CF4D6C7}
		{03C2868A-1A5C-4B54-93FE-0ADE1BEA283B} = {FD30C121-146E-4B97-9E41-C2807CF4D6C7}
		{A158E653-8D19-48B1-8A2C-62080B90D390} = {18B5053D-AA12-45B6-9C8D-D07B846AEB75}
		{6233DC43-A8DE-4DDD-AA90-36A75F7BAF9A} = {A31AF2CA-D3E9-4F99-B8FA-B7A9A06C65C5}
		{E53B791B-98FC-4B5D-841F-38968CF09BFC} = {A31AF2CA-D3E9-4F99-B8FA-B7A9A06C65C5}
		{C7E8E2E6-9DA2-4125-B329-C21E5D1F7395} = {A31AF2CA-D3E9-4F99-B8FA-B7A9A06C65C5}
		{F2BC0364-33EF-4705-8235-CB791E4529A4} = {A31AF2CA-D3E9-4F99-B8FA-B7A9A06C65C5}
	EndGlobalSection
	GlobalSection(ExtensibilityGlobals) = postSolution
		SolutionGuid = {53A3FEBA-15A3-4000-9D36-C8FB13A72AD2}
	EndGlobalSection
EndGlobal
